PODS:
  - CTidy (0.3.1)
  - wpxmlrpc (0.9.0)

DEPENDENCIES:
  - CTidy (~> 0.3)
  - wpxmlrpc (from `../`)

SPEC REPOS:
  trunk:
    - CTidy

EXTERNAL SOURCES:
  wpxmlrpc:
    :path: "../"

SPEC CHECKSUMS:
  CTidy: f43e98bca701c27d9ecdda51d18734622b8cca70
  wpxmlrpc: 198bba199ed352825c255165c52084b53de5cd99

PODFILE CHECKSUM: 688d763bc1e6197b4b857a142241eff792b6673e

COCOAPODS: 1.10.1
